{
  "name": "@metamask/swappable-obj-proxy",
  "version": "1.1.0",
  "lockfileVersion": 2,
  "requires": true,
  "packages": {
    "": {
      "name": "@metamask/swappable-obj-proxy",
      "version": "1.1.0",
      "license": "ISC",
      "engines": {
        "node": ">=14.0.0"
      }
    }
  }
}
